{
  "name": "oneround-miniprogram",
  "version": "0.1.0",
  "lockfileVersion": 3,
  "requires": true,
  "packages": {
    "": {
      "name": "oneround-miniprogram",
      "version": "0.1.0",
      "dependencies": {
        "lucide": "^1.21.0",
        "material-symbols": "^0.45.2"
      },
      "devDependencies": {
        "miniprogram-api-typings": "^4.0.7",
        "typescript": "^5.9.3"
      }
    },
    "node_modules/lucide": {
      "version": "1.21.0",
      "resolved": "https://registry.npmjs.org/lucide/-/lucide-1.21.0.tgz",
      "integrity": "sha512-m8g+tPjt1am9YBygKb36o2JOu5xOg7usbz0EORvPjn6MacIVy7desH1SNnV1ziMFHRGMGCcF5r1Jj80TxF2UTw==",
      "license": "ISC"
    },
    "node_modules/material-symbols": {
      "version": "0.45.2",
      "resolved": "https://registry.npmjs.org/material-symbols/-/material-symbols-0.45.2.tgz",
      "integrity": "sha512-TxcmySpXFc+03tgyl0Z6J1Yvn5/eY9b9vnizJu5Xg3RrrL5jFLp3KlZKq5k2ttKj3SqH/omofH7BwZMO/zk1mw==",
      "license": "Apache-2.0"
    },
    "node_modules/miniprogram-api-typings": {
      "version": "4.1.3",
      "resolved": "https://registry.npmjs.org/miniprogram-api-typings/-/miniprogram-api-typings-4.1.3.tgz",
      "integrity": "sha512-5mobiXzDS3KFJMM20cIg5m7hiFSJY0YGpgm5yzFeIJ+UP15RGOtW/ztqAhRfOQIvPBD0WyYB+WFCWaeeTTEZTQ==",
      "dev": true,
      "license": "MIT"
    },
    "node_modules/typescript": {
      "version": "5.9.3",
      "resolved": "https://registry.npmjs.org/typescript/-/typescript-5.9.3.tgz",
      "integrity": "sha512-jl1vZzPDinLr9eUt3J/t7V6FgNEw9QjvBPdysz9KfQDD41fQrC2Y4vKQdiaUpFT4bXlb1RHhLpp8wtm6M5TgSw==",
      "dev": true,
      "license": "Apache-2.0",
      "bin": {
        "tsc": "bin/tsc",
        "tsserver": "bin/tsserver"
      },
      "engines": {
        "node": ">=14.17"
      }
    }
  }
}
